
Microsoft Visual Studio Solution File, Format Version 12.00
# Visual Studio Version 17
VisualStudioVersion = 17.10.35122.118
MinimumVisualStudioVersion = 10.0.40219.1
Project("{9A19103F-16F7-4668-BE54-9A1E7A4F7556}") = "CIA.Net.Public.Bot", "CIA.Net.Public.Bot\CIA.Net.Public.Bot.csproj", "{1C30574D-F991-4C92-8E94-435D752ACF87}"
EndProject
Project("{9A19103F-16F7-4668-BE54-9A1E7A4F7556}") = "CIA.Net.Public.Common", "CIA.Net.Public.Common\CIA.Net.Public.Common.csproj", "{3CAC90AC-A06E-48C9-AF79-410195812D1F}"
EndProject
Project("{9A19103F-16F7-4668-BE54-9A1E7A4F7556}") = "CIA.Net.Public.Domain", "CIA.Net.Public.Domain\CIA.Net.Public.Domain.csproj", "{3691B50B-8766-4602-B4D6-84B824212DC2}"
EndProject
Project("{2150E333-8FDC-42A3-9474-1A3956D46DE8}") = "Solution Items", "Solution Items", "{4AC3E414-639E-4441-A537-61842E2D68D7}"
EndProject
Project("{9A19103F-16F7-4668-BE54-9A1E7A4F7556}") = "CIA.Net.Public.Test", "CIA.Net.Public.Test\CIA.Net.Public.Test.csproj", "{8EA51E1A-2C42-4053-B77E-A32D9E67FA40}"
EndProject
Project("{9A19103F-16F7-4668-BE54-9A1E7A4F7556}") = "CIA.Net.Public.Data", "CIA.Net.Public.Data\CIA.Net.Public.Data.csproj", "{B70E16F8-C925-4514-98C3-EFCAEDAF3491}"
EndProject
Global
	GlobalSection(SolutionConfigurationPlatforms) = preSolution
		Debug|Any CPU = Debug|Any CPU
		Release|Any CPU = Release|Any CPU
	EndGlobalSection
	GlobalSection(ProjectConfigurationPlatforms) = postSolution
		{1C30574D-F991-4C92-8E94-435D752ACF87}.Debug|Any CPU.ActiveCfg = Debug|Any CPU
		{1C30574D-F991-4C92-8E94-435D752ACF87}.Debug|Any CPU.Build.0 = Debug|Any CPU
		{1C30574D-F991-4C92-8E94-435D752ACF87}.Release|Any CPU.ActiveCfg = Release|Any CPU
		{1C30574D-F991-4C92-8E94-435D752ACF87}.Release|Any CPU.Build.0 = Release|Any CPU
		{3CAC90AC-A06E-48C9-AF79-410195812D1F}.Debug|Any CPU.ActiveCfg = Debug|Any CPU
		{3CAC90AC-A06E-48C9-AF79-410195812D1F}.Debug|Any CPU.Build.0 = Debug|Any CPU
		{3CAC90AC-A06E-48C9-AF79-410195812D1F}.Release|Any CPU.ActiveCfg = Release|Any CPU
		{3CAC90AC-A06E-48C9-AF79-410195812D1F}.Release|Any CPU.Build.0 = Release|Any CPU
		{3691B50B-8766-4602-B4D6-84B824212DC2}.Debug|Any CPU.ActiveCfg = Debug|Any CPU
		{3691B50B-8766-4602-B4D6-84B824212DC2}.Debug|Any CPU.Build.0 = Debug|Any CPU
		{3691B50B-8766-4602-B4D6-84B824212DC2}.Release|Any CPU.ActiveCfg = Release|Any CPU
		{3691B50B-8766-4602-B4D6-84B824212DC2}.Release|Any CPU.Build.0 = Release|Any CPU
		{8EA51E1A-2C42-4053-B77E-A32D9E67FA40}.Debug|Any CPU.ActiveCfg = Debug|Any CPU
		{8EA51E1A-2C42-4053-B77E-A32D9E67FA40}.Debug|Any CPU.Build.0 = Debug|Any CPU
		{8EA51E1A-2C42-4053-B77E-A32D9E67FA40}.Release|Any CPU.ActiveCfg = Release|Any CPU
		{8EA51E1A-2C42-4053-B77E-A32D9E67FA40}.Release|Any CPU.Build.0 = Release|Any CPU
		{B70E16F8-C925-4514-98C3-EFCAEDAF3491}.Debug|Any CPU.ActiveCfg = Debug|Any CPU
		{B70E16F8-C925-4514-98C3-EFCAEDAF3491}.Debug|Any CPU.Build.0 = Debug|Any CPU
		{B70E16F8-C925-4514-98C3-EFCAEDAF3491}.Release|Any CPU.ActiveCfg = Release|Any CPU
		{B70E16F8-C925-4514-98C3-EFCAEDAF3491}.Release|Any CPU.Build.0 = Release|Any CPU
	EndGlobalSection
	GlobalSection(SolutionProperties) = preSolution
		HideSolutionNode = FALSE
	EndGlobalSection
	GlobalSection(ExtensibilityGlobals) = postSolution
		SolutionGuid = {ECAD1308-8C74-48F8-A70A-431C27217DED}
	EndGlobalSection
EndGlobal
